
Microsoft Visual Studio Solution File, Format Version 12.00
# Visual Studio 14
VisualStudioVersion = 14.0.25420.1
MinimumVisualStudioVersion = 10.0.40219.1
Project("{FAE04EC0-301F-11D3-BF4B-00C04F79EFBC}") = "EverythingFuneral.Web", "EverythingFuneral.Web\EverythingFuneral.Web.csproj", "{7ADF530E-5B00-4C4A-92EA-A4A46F803C1C}"
EndProject
Project("{FAE04EC0-301F-11D3-BF4B-00C04F79EFBC}") = "EverythingFuneral.Web.Test", "EverythingFuneral.Web.Test\EverythingFuneral.Web.Test.csproj", "{0EDB7222-FF41-4DBC-A63F-04021CAE63E2}"
EndProject
Global
	GlobalSection(SolutionConfigurationPlatforms) = preSolution
		Debug|Any CPU = Debug|Any CPU
		Release|Any CPU = Release|Any CPU
	EndGlobalSection
	GlobalSection(ProjectConfigurationPlatforms) = postSolution
		{7ADF530E-5B00-4C4A-92EA-A4A46F803C1C}.Debug|Any CPU.ActiveCfg = Debug|Any CPU
		{7ADF530E-5B00-4C4A-92EA-A4A46F803C1C}.Debug|Any CPU.Build.0 = Debug|Any CPU
		{7ADF530E-5B00-4C4A-92EA-A4A46F803C1C}.Release|Any CPU.ActiveCfg = Release|Any CPU
		{7ADF530E-5B00-4C4A-92EA-A4A46F803C1C}.Release|Any CPU.Build.0 = Release|Any CPU
		{0EDB7222-FF41-4DBC-A63F-04021CAE63E2}.Debug|Any CPU.ActiveCfg = Debug|Any CPU
		{0EDB7222-FF41-4DBC-A63F-04021CAE63E2}.Debug|Any CPU.Build.0 = Debug|Any CPU
		{0EDB7222-FF41-4DBC-A63F-04021CAE63E2}.Release|Any CPU.ActiveCfg = Release|Any CPU
		{0EDB7222-FF41-4DBC-A63F-04021CAE63E2}.Release|Any CPU.Build.0 = Release|Any CPU
	EndGlobalSection
	GlobalSection(SolutionProperties) = preSolution
		HideSolutionNode = FALSE
	EndGlobalSection
EndGlobal
